
Microsoft Visual Studio Solution File, Format Version 12.00
# Visual Studio Version 16
VisualStudioVersion = 16.0.30204.135
MinimumVisualStudioVersion = 10.0.40219.1
Project("{FAE04EC0-301F-11D3-BF4B-00C04F79EFBC}") = "RentNScoot.Domain", "RentNScoot.Domain\RentNScoot.Domain.csproj", "{3280558A-D5D4-45FF-839E-D2526BF97049}"
EndProject
Project("{2150E333-8FDC-42A3-9474-1A3956D46DE8}") = "01 RendNScoot.Start", "01 RendNScoot.Start", "{CC0DA107-E4B5-4FA4-9E91-D258370D42AB}"
EndProject
Project("{2150E333-8FDC-42A3-9474-1A3956D46DE8}") = "02 RentNScoot.Presentation", "02 RentNScoot.Presentation", "{4A681B03-3087-4FDA-B80D-893FD310611B}"
EndProject
Project("{2150E333-8FDC-42A3-9474-1A3956D46DE8}") = "03 RentNScoot-Application", "03 RentNScoot-Application", "{D444E740-247B-425E-BC8F-ED4818C63FCE}"
EndProject
Project("{2150E333-8FDC-42A3-9474-1A3956D46DE8}") = "04 RentNScoot.Domain", "04 RentNScoot.Domain", "{C7CCDBF7-A0E3-4E8A-A3B4-BE69134B7D42}"
EndProject
Project("{2150E333-8FDC-42A3-9474-1A3956D46DE8}") = "05 RentNScoot.Persistence", "05 RentNScoot.Persistence", "{493D06D3-2169-420F-9FC1-7E89AC074AE7}"
EndProject
Project("{FAE04EC0-301F-11D3-BF4B-00C04F79EFBC}") = "RentNScoot.Persistence", "RentNScoot.Persistence\RentNScoot.Persistence.csproj", "{C19521A4-7ECE-472A-BCAE-BC2FCAB2E78D}"
EndProject
Project("{FAE04EC0-301F-11D3-BF4B-00C04F79EFBC}") = "RentNScoot.Application", "RentNScoot.Application\RentNScoot.Application.csproj", "{AD39A582-0DFB-4A12-BFF4-3605CFBB4EB3}"
EndProject
Project("{FAE04EC0-301F-11D3-BF4B-00C04F79EFBC}") = "RentNScoot.Presentation", "RentNScoot.Presentation\RentNScoot.Presentation.csproj", "{05371F67-818C-4D66-B00C-90A4630E46AD}"
EndProject
Project("{FAE04EC0-301F-11D3-BF4B-00C04F79EFBC}") = "RentNScoot.Start", "RentNScoot.Start\RentNScoot.Start.csproj", "{83FEC7B1-C54E-4259-9793-56BC5FE4AF2C}"
EndProject
Global
	GlobalSection(SolutionConfigurationPlatforms) = preSolution
		Debug|Any CPU = Debug|Any CPU
		Release|Any CPU = Release|Any CPU
	EndGlobalSection
	GlobalSection(ProjectConfigurationPlatforms) = postSolution
		{3280558A-D5D4-45FF-839E-D2526BF97049}.Debug|Any CPU.ActiveCfg = Debug|Any CPU
		{3280558A-D5D4-45FF-839E-D2526BF97049}.Debug|Any CPU.Build.0 = Debug|Any CPU
		{3280558A-D5D4-45FF-839E-D2526BF97049}.Release|Any CPU.ActiveCfg = Release|Any CPU
		{3280558A-D5D4-45FF-839E-D2526BF97049}.Release|Any CPU.Build.0 = Release|Any CPU
		{C19521A4-7ECE-472A-BCAE-BC2FCAB2E78D}.Debug|Any CPU.ActiveCfg = Debug|Any CPU
		{C19521A4-7ECE-472A-BCAE-BC2FCAB2E78D}.Debug|Any CPU.Build.0 = Debug|Any CPU
		{C19521A4-7ECE-472A-BCAE-BC2FCAB2E78D}.Release|Any CPU.ActiveCfg = Release|Any CPU
		{C19521A4-7ECE-472A-BCAE-BC2FCAB2E78D}.Release|Any CPU.Build.0 = Release|Any CPU
		{AD39A582-0DFB-4A12-BFF4-3605CFBB4EB3}.Debug|Any CPU.ActiveCfg = Debug|Any CPU
		{AD39A582-0DFB-4A12-BFF4-3605CFBB4EB3}.Debug|Any CPU.Build.0 = Debug|Any CPU
		{AD39A582-0DFB-4A12-BFF4-3605CFBB4EB3}.Release|Any CPU.ActiveCfg = Release|Any CPU
		{AD39A582-0DFB-4A12-BFF4-3605CFBB4EB3}.Release|Any CPU.Build.0 = Release|Any CPU
		{05371F67-818C-4D66-B00C-90A4630E46AD}.Debug|Any CPU.ActiveCfg = Debug|Any CPU
		{05371F67-818C-4D66-B00C-90A4630E46AD}.Debug|Any CPU.Build.0 = Debug|Any CPU
		{05371F67-818C-4D66-B00C-90A4630E46AD}.Release|Any CPU.ActiveCfg = Release|Any CPU
		{05371F67-818C-4D66-B00C-90A4630E46AD}.Release|Any CPU.Build.0 = Release|Any CPU
		{83FEC7B1-C54E-4259-9793-56BC5FE4AF2C}.Debug|Any CPU.ActiveCfg = Debug|Any CPU
		{83FEC7B1-C54E-4259-9793-56BC5FE4AF2C}.Debug|Any CPU.Build.0 = Debug|Any CPU
		{83FEC7B1-C54E-4259-9793-56BC5FE4AF2C}.Release|Any CPU.ActiveCfg = Release|Any CPU
		{83FEC7B1-C54E-4259-9793-56BC5FE4AF2C}.Release|Any CPU.Build.0 = Release|Any CPU
	EndGlobalSection
	GlobalSection(SolutionProperties) = preSolution
		HideSolutionNode = FALSE
	EndGlobalSection
	GlobalSection(NestedProjects) = preSolution
		{3280558A-D5D4-45FF-839E-D2526BF97049} = {C7CCDBF7-A0E3-4E8A-A3B4-BE69134B7D42}
		{C19521A4-7ECE-472A-BCAE-BC2FCAB2E78D} = {493D06D3-2169-420F-9FC1-7E89AC074AE7}
		{AD39A582-0DFB-4A12-BFF4-3605CFBB4EB3} = {D444E740-247B-425E-BC8F-ED4818C63FCE}
		{05371F67-818C-4D66-B00C-90A4630E46AD} = {4A681B03-3087-4FDA-B80D-893FD310611B}
		{83FEC7B1-C54E-4259-9793-56BC5FE4AF2C} = {CC0DA107-E4B5-4FA4-9E91-D258370D42AB}
	EndGlobalSection
	GlobalSection(ExtensibilityGlobals) = postSolution
		SolutionGuid = {4635F728-57B5-4DFD-86C8-46F3049AB783}
	EndGlobalSection
EndGlobal
