
Microsoft Visual Studio Solution File, Format Version 12.00
# Visual Studio Version 16
VisualStudioVersion = 16.0.30204.135
MinimumVisualStudioVersion = 10.0.40219.1
Project("{9A19103F-16F7-4668-BE54-9A1E7A4F7556}") = "RentNScoot04Domain", "RentNScoot04Domain\RentNScoot04Domain.csproj", "{9695371B-C886-49C4-9478-36CA72D06192}"
EndProject
Project("{2150E333-8FDC-42A3-9474-1A3956D46DE8}") = "04_RentNScootDomain", "04_RentNScootDomain", "{8675C9BA-78C2-425D-9949-78DE9561C110}"
EndProject
Project("{2150E333-8FDC-42A3-9474-1A3956D46DE8}") = "03_RentNScootApplication", "03_RentNScootApplication", "{8CCB0F03-8950-40DF-A4E4-E59DCA4420FA}"
EndProject
Project("{9A19103F-16F7-4668-BE54-9A1E7A4F7556}") = "RentNScoot03Application", "RentNScoot03Application\RentNScoot03Application.csproj", "{041F72DC-5A13-48C6-94A4-D3089A13C42C}"
EndProject
Project("{2150E333-8FDC-42A3-9474-1A3956D46DE8}") = "05_RentNScootPersistence", "05_RentNScootPersistence", "{5A32D072-7997-4C3D-A3CE-126C9E37CD10}"
EndProject
Project("{9A19103F-16F7-4668-BE54-9A1E7A4F7556}") = "RentNScoot05Persistence", "RentNScoot05Persistence\RentNScoot05Persistence.csproj", "{3CFAECF0-C601-461F-870D-83967B5C9A6B}"
EndProject
Project("{9A19103F-16F7-4668-BE54-9A1E7A4F7556}") = "RentNScoot01Start", "RentNScoot01Start\RentNScoot01Start.csproj", "{DC3F4788-01CC-43B4-8E3D-3A64B1E7AB77}"
EndProject
Project("{2150E333-8FDC-42A3-9474-1A3956D46DE8}") = "01_RentNScootStart", "01_RentNScootStart", "{F141C9CB-A25D-46C9-8501-DD3BC5D75E3C}"
EndProject
Project("{2150E333-8FDC-42A3-9474-1A3956D46DE8}") = "02_RentNScootPresentation", "02_RentNScootPresentation", "{30362174-0214-4F84-AF6F-3B91F943873E}"
EndProject
Project("{9A19103F-16F7-4668-BE54-9A1E7A4F7556}") = "RentNScoot02Presentation", "RentNScoot02Presentation\RentNScoot02Presentation.csproj", "{690E7306-C690-4287-BC29-C1A1A06DB866}"
EndProject
Global
	GlobalSection(SolutionConfigurationPlatforms) = preSolution
		Debug|Any CPU = Debug|Any CPU
		Release|Any CPU = Release|Any CPU
	EndGlobalSection
	GlobalSection(ProjectConfigurationPlatforms) = postSolution
		{9695371B-C886-49C4-9478-36CA72D06192}.Debug|Any CPU.ActiveCfg = Debug|Any CPU
		{9695371B-C886-49C4-9478-36CA72D06192}.Debug|Any CPU.Build.0 = Debug|Any CPU
		{9695371B-C886-49C4-9478-36CA72D06192}.Release|Any CPU.ActiveCfg = Release|Any CPU
		{9695371B-C886-49C4-9478-36CA72D06192}.Release|Any CPU.Build.0 = Release|Any CPU
		{041F72DC-5A13-48C6-94A4-D3089A13C42C}.Debug|Any CPU.ActiveCfg = Debug|Any CPU
		{041F72DC-5A13-48C6-94A4-D3089A13C42C}.Debug|Any CPU.Build.0 = Debug|Any CPU
		{041F72DC-5A13-48C6-94A4-D3089A13C42C}.Release|Any CPU.ActiveCfg = Release|Any CPU
		{041F72DC-5A13-48C6-94A4-D3089A13C42C}.Release|Any CPU.Build.0 = Release|Any CPU
		{3CFAECF0-C601-461F-870D-83967B5C9A6B}.Debug|Any CPU.ActiveCfg = Debug|Any CPU
		{3CFAECF0-C601-461F-870D-83967B5C9A6B}.Debug|Any CPU.Build.0 = Debug|Any CPU
		{3CFAECF0-C601-461F-870D-83967B5C9A6B}.Release|Any CPU.ActiveCfg = Release|Any CPU
		{3CFAECF0-C601-461F-870D-83967B5C9A6B}.Release|Any CPU.Build.0 = Release|Any CPU
		{DC3F4788-01CC-43B4-8E3D-3A64B1E7AB77}.Debug|Any CPU.ActiveCfg = Debug|Any CPU
		{DC3F4788-01CC-43B4-8E3D-3A64B1E7AB77}.Debug|Any CPU.Build.0 = Debug|Any CPU
		{DC3F4788-01CC-43B4-8E3D-3A64B1E7AB77}.Release|Any CPU.ActiveCfg = Release|Any CPU
		{DC3F4788-01CC-43B4-8E3D-3A64B1E7AB77}.Release|Any CPU.Build.0 = Release|Any CPU
		{690E7306-C690-4287-BC29-C1A1A06DB866}.Debug|Any CPU.ActiveCfg = Debug|Any CPU
		{690E7306-C690-4287-BC29-C1A1A06DB866}.Debug|Any CPU.Build.0 = Debug|Any CPU
		{690E7306-C690-4287-BC29-C1A1A06DB866}.Release|Any CPU.ActiveCfg = Release|Any CPU
		{690E7306-C690-4287-BC29-C1A1A06DB866}.Release|Any CPU.Build.0 = Release|Any CPU
	EndGlobalSection
	GlobalSection(SolutionProperties) = preSolution
		HideSolutionNode = FALSE
	EndGlobalSection
	GlobalSection(NestedProjects) = preSolution
		{9695371B-C886-49C4-9478-36CA72D06192} = {8675C9BA-78C2-425D-9949-78DE9561C110}
		{041F72DC-5A13-48C6-94A4-D3089A13C42C} = {8CCB0F03-8950-40DF-A4E4-E59DCA4420FA}
		{3CFAECF0-C601-461F-870D-83967B5C9A6B} = {5A32D072-7997-4C3D-A3CE-126C9E37CD10}
		{DC3F4788-01CC-43B4-8E3D-3A64B1E7AB77} = {F141C9CB-A25D-46C9-8501-DD3BC5D75E3C}
		{690E7306-C690-4287-BC29-C1A1A06DB866} = {30362174-0214-4F84-AF6F-3B91F943873E}
	EndGlobalSection
	GlobalSection(ExtensibilityGlobals) = postSolution
		SolutionGuid = {1D88A3EB-B7B0-4E3B-9258-0AC744AEC5C8}
	EndGlobalSection
EndGlobal
